// !$*UTF8*$!
{
	archiveVersion = 1;
	classes = {
	};
	objectVersion = 50;
	objects = {

/* Begin PBXBuildFile section */
		2C40C8FB21D0C32A00217566 /* MineTableViewCell.swift in Sources */ = {isa = PBXBuildFile; fileRef = 2C40C8F521D0C32A00217566 /* MineTableViewCell.swift */; };
		2C40C8FC21D0C32A00217566 /* TableViewSimpleController.xib in Resources */ = {isa = PBXBuildFile; fileRef = 2C40C8F621D0C32A00217566 /* TableViewSimpleController.xib */; };
		2C40C8FD21D0C32A00217566 /* TableViewSimpleController.swift in Sources */ = {isa = PBXBuildFile; fileRef = 2C40C8F721D0C32A00217566 /* TableViewSimpleController.swift */; };
		2C40C8FE21D0C32A00217566 /* MineTableViewCell.xib in Resources */ = {isa = PBXBuildFile; fileRef = 2C40C8F821D0C32A00217566 /* MineTableViewCell.xib */; };
		2C40C8FF21D0C32A00217566 /* VariableDefineFile.swift in Sources */ = {isa = PBXBuildFile; fileRef = 2C40C8FA21D0C32A00217566 /* VariableDefineFile.swift */; };
		2C40C90221D0CAD900217566 /* PropFunViewController.swift in Sources */ = {isa = PBXBuildFile; fileRef = 2C40C90021D0CAD900217566 /* PropFunViewController.swift */; };
		2C40C90321D0CAD900217566 /* PropFunViewController.xib in Resources */ = {isa = PBXBuildFile; fileRef = 2C40C90121D0CAD900217566 /* PropFunViewController.xib */; };
		2C40C90621D0DBEF00217566 /* WeatherViewController.swift in Sources */ = {isa = PBXBuildFile; fileRef = 2C40C90421D0DBEF00217566 /* WeatherViewController.swift */; };
		2C40C90721D0DBEF00217566 /* WeatherViewController.xib in Resources */ = {isa = PBXBuildFile; fileRef = 2C40C90521D0DBEF00217566 /* WeatherViewController.xib */; };
		2C40C90921D0E0AA00217566 /* CoreLocation.framework in Frameworks */ = {isa = PBXBuildFile; fileRef = 2C40C90821D0E0AA00217566 /* CoreLocation.framework */; };
		2C40C90F21D0FD0500217566 /* LocationService.swift in Sources */ = {isa = PBXBuildFile; fileRef = 2C40C90E21D0FD0500217566 /* LocationService.swift */; };
		2C653B5721C7477300C21D77 /* AppDelegate.swift in Sources */ = {isa = PBXBuildFile; fileRef = 2C653B5621C7477300C21D77 /* AppDelegate.swift */; };
		2C653B5921C7477300C21D77 /* ViewController.swift in Sources */ = {isa = PBXBuildFile; fileRef = 2C653B5821C7477300C21D77 /* ViewController.swift */; };
		2C653B5C21C7477300C21D77 /* Main.storyboard in Resources */ = {isa = PBXBuildFile; fileRef = 2C653B5A21C7477300C21D77 /* Main.storyboard */; };
		2C653B5E21C7477400C21D77 /* Assets.xcassets in Resources */ = {isa = PBXBuildFile; fileRef = 2C653B5D21C7477400C21D77 /* Assets.xcassets */; };
		2C653B6121C7477400C21D77 /* LaunchScreen.storyboard in Resources */ = {isa = PBXBuildFile; fileRef = 2C653B5F21C7477400C21D77 /* LaunchScreen.storyboard */; };
		F939996C5C65F895E1180EE8 /* Pods_SwiftLearn.framework in Frameworks */ = {isa = PBXBuildFile; fileRef = 5A845B695EB53B3267E33E5F /* Pods_SwiftLearn.framework */; };
/* End PBXBuildFile section */

/* Begin PBXFileReference section */
		2C40C8F521D0C32A00217566 /* MineTableViewCell.swift */ = {isa = PBXFileReference; fileEncoding = 4; lastKnownFileType = sourcecode.swift; path = MineTableViewCell.swift; sourceTree = "<group>"; };
		2C40C8F621D0C32A00217566 /* TableViewSimpleController.xib */ = {isa = PBXFileReference; fileEncoding = 4; lastKnownFileType = file.xib; path = TableViewSimpleController.xib; sourceTree = "<group>"; };
		2C40C8F721D0C32A00217566 /* TableViewSimpleController.swift */ = {isa = PBXFileReference; fileEncoding = 4; lastKnownFileType = sourcecode.swift; path = TableViewSimpleController.swift; sourceTree = "<group>"; };
		2C40C8F821D0C32A00217566 /* MineTableViewCell.xib */ = {isa = PBXFileReference; fileEncoding = 4; lastKnownFileType = file.xib; path = MineTableViewCell.xib; sourceTree = "<group>"; };
		2C40C8FA21D0C32A00217566 /* VariableDefineFile.swift */ = {isa = PBXFileReference; fileEncoding = 4; lastKnownFileType = sourcecode.swift; path = VariableDefineFile.swift; sourceTree = "<group>"; };
		2C40C90021D0CAD900217566 /* PropFunViewController.swift */ = {isa = PBXFileReference; lastKnownFileType = sourcecode.swift; path = PropFunViewController.swift; sourceTree = "<group>"; };
		2C40C90121D0CAD900217566 /* PropFunViewController.xib */ = {isa = PBXFileReference; lastKnownFileType = file.xib; path = PropFunViewController.xib; sourceTree = "<group>"; };
		2C40C90421D0DBEF00217566 /* WeatherViewController.swift */ = {isa = PBXFileReference; lastKnownFileType = sourcecode.swift; path = WeatherViewController.swift; sourceTree = "<group>"; };
		2C40C90521D0DBEF00217566 /* WeatherViewController.xib */ = {isa = PBXFileReference; lastKnownFileType = file.xib; path = WeatherViewController.xib; sourceTree = "<group>"; };
		2C40C90821D0E0AA00217566 /* CoreLocation.framework */ = {isa = PBXFileReference; lastKnownFileType = wrapper.framework; name = CoreLocation.framework; path = System/Library/Frameworks/CoreLocation.framework; sourceTree = SDKROOT; };
		2C40C90E21D0FD0500217566 /* LocationService.swift */ = {isa = PBXFileReference; lastKnownFileType = sourcecode.swift; path = LocationService.swift; sourceTree = "<group>"; };
		2C653B5321C7477300C21D77 /* SwiftLearn.app */ = {isa = PBXFileReference; explicitFileType = wrapper.application; includeInIndex = 0; path = SwiftLearn.app; sourceTree = BUILT_PRODUCTS_DIR; };
		2C653B5621C7477300C21D77 /* AppDelegate.swift */ = {isa = PBXFileReference; lastKnownFileType = sourcecode.swift; path = AppDelegate.swift; sourceTree = "<group>"; };
		2C653B5821C7477300C21D77 /* ViewController.swift */ = {isa = PBXFileReference; lastKnownFileType = sourcecode.swift; path = ViewController.swift; sourceTree = "<group>"; };
		2C653B5B21C7477300C21D77 /* Base */ = {isa = PBXFileReference; lastKnownFileType = file.storyboard; name = Base; path = Base.lproj/Main.storyboard; sourceTree = "<group>"; };
		2C653B5D21C7477400C21D77 /* Assets.xcassets */ = {isa = PBXFileReference; lastKnownFileType = folder.assetcatalog; path = Assets.xcassets; sourceTree = "<group>"; };
		2C653B6021C7477400C21D77 /* Base */ = {isa = PBXFileReference; lastKnownFileType = file.storyboard; name = Base; path = Base.lproj/LaunchScreen.storyboard; sourceTree = "<group>"; };
		2C653B6221C7477400C21D77 /* Info.plist */ = {isa = PBXFileReference; lastKnownFileType = text.plist.xml; path = Info.plist; sourceTree = "<group>"; };
		5917D6EFBDDC6F4457703F35 /* Pods-SwiftLearn.release.xcconfig */ = {isa = PBXFileReference; includeInIndex = 1; lastKnownFileType = text.xcconfig; name = "Pods-SwiftLearn.release.xcconfig"; path = "Pods/Target Support Files/Pods-SwiftLearn/Pods-SwiftLearn.release.xcconfig"; sourceTree = "<group>"; };
		5A845B695EB53B3267E33E5F /* Pods_SwiftLearn.framework */ = {isa = PBXFileReference; explicitFileType = wrapper.framework; includeInIndex = 0; path = Pods_SwiftLearn.framework; sourceTree = BUILT_PRODUCTS_DIR; };
		E212EA502E29CD0C6D908891 /* Pods-SwiftLearn.debug.xcconfig */ = {isa = PBXFileReference; includeInIndex = 1; lastKnownFileType = text.xcconfig; name = "Pods-SwiftLearn.debug.xcconfig"; path = "Pods/Target Support Files/Pods-SwiftLearn/Pods-SwiftLearn.debug.xcconfig"; sourceTree = "<group>"; };
/* End PBXFileReference section */

/* Begin PBXFrameworksBuildPhase section */
		2C653B5021C7477300C21D77 /* Frameworks */ = {
			isa = PBXFrameworksBuildPhase;
			buildActionMask = 2147483647;
			files = (
				2C40C90921D0E0AA00217566 /* CoreLocation.framework in Frameworks */,
				F939996C5C65F895E1180EE8 /* Pods_SwiftLearn.framework in Frameworks */,
			);
			runOnlyForDeploymentPostprocessing = 0;
		};
/* End PBXFrameworksBuildPhase section */

/* Begin PBXGroup section */
		05702169B430C702437F448B /* Frameworks */ = {
			isa = PBXGroup;
			children = (
				2C40C90821D0E0AA00217566 /* CoreLocation.framework */,
				5A845B695EB53B3267E33E5F /* Pods_SwiftLearn.framework */,
			);
			name = Frameworks;
			sourceTree = "<group>";
		};
		2C40C8F421D0C32A00217566 /* Simple */ = {
			isa = PBXGroup;
			children = (
				2C40C8F521D0C32A00217566 /* MineTableViewCell.swift */,
				2C40C8F621D0C32A00217566 /* TableViewSimpleController.xib */,
				2C40C8F721D0C32A00217566 /* TableViewSimpleController.swift */,
				2C40C8F821D0C32A00217566 /* MineTableViewCell.xib */,
				2C40C90021D0CAD900217566 /* PropFunViewController.swift */,
				2C40C90121D0CAD900217566 /* PropFunViewController.xib */,
				2C40C90421D0DBEF00217566 /* WeatherViewController.swift */,
				2C40C90521D0DBEF00217566 /* WeatherViewController.xib */,
				2C40C90E21D0FD0500217566 /* LocationService.swift */,
			);
			path = Simple;
			sourceTree = "<group>";
		};
		2C40C8F921D0C32A00217566 /* Common */ = {
			isa = PBXGroup;
			children = (
				2C40C8FA21D0C32A00217566 /* VariableDefineFile.swift */,
			);
			path = Common;
			sourceTree = "<group>";
		};
		2C653B4A21C7477300C21D77 = {
			isa = PBXGroup;
			children = (
				2C653B5521C7477300C21D77 /* SwiftLearn */,
				2C653B5421C7477300C21D77 /* Products */,
				05702169B430C702437F448B /* Frameworks */,
				6E9356B0FC1F2CC47965375C /* Pods */,
			);
			sourceTree = "<group>";
		};
		2C653B5421C7477300C21D77 /* Products */ = {
			isa = PBXGroup;
			children = (
				2C653B5321C7477300C21D77 /* SwiftLearn.app */,
			);
			name = Products;
			sourceTree = "<group>";
		};
		2C653B5521C7477300C21D77 /* SwiftLearn */ = {
			isa = PBXGroup;
			children = (
				2C40C8F921D0C32A00217566 /* Common */,
				2C40C8F421D0C32A00217566 /* Simple */,
				2C653B5621C7477300C21D77 /* AppDelegate.swift */,
				2C653B5821C7477300C21D77 /* ViewController.swift */,
				2C653B5A21C7477300C21D77 /* Main.storyboard */,
				2C653B5D21C7477400C21D77 /* Assets.xcassets */,
				2C653B5F21C7477400C21D77 /* LaunchScreen.storyboard */,
				2C653B6221C7477400C21D77 /* Info.plist */,
			);
			path = SwiftLearn;
			sourceTree = "<group>";
		};
		6E9356B0FC1F2CC47965375C /* Pods */ = {
			isa = PBXGroup;
			children = (
				E212EA502E29CD0C6D908891 /* Pods-SwiftLearn.debug.xcconfig */,
				5917D6EFBDDC6F4457703F35 /* Pods-SwiftLearn.release.xcconfig */,
			);
			name = Pods;
			sourceTree = "<group>";
		};
/* End PBXGroup section */

/* Begin PBXNativeTarget section */
		2C653B5221C7477300C21D77 /* SwiftLearn */ = {
			isa = PBXNativeTarget;
			buildConfigurationList = 2C653B7B21C7477400C21D77 /* Build configuration list for PBXNativeTarget "SwiftLearn" */;
			buildPhases = (
				A9653286DEA16C53247AF9E0 /* [CP] Check Pods Manifest.lock */,
				2C653B4F21C7477300C21D77 /* Sources */,
				2C653B5021C7477300C21D77 /* Frameworks */,
				2C653B5121C7477300C21D77 /* Resources */,
				30ABE504E32EF29E11FA51FD /* [CP] Embed Pods Frameworks */,
			);
			buildRules = (
			);
			dependencies = (
			);
			name = SwiftLearn;
			productName = SwiftLearn;
			productReference = 2C653B5321C7477300C21D77 /* SwiftLearn.app */;
			productType = "com.apple.product-type.application";
		};
/* End PBXNativeTarget section */

/* Begin PBXProject section */
		2C653B4B21C7477300C21D77 /* Project object */ = {
			isa = PBXProject;
			attributes = {
				LastSwiftUpdateCheck = 1010;
				LastUpgradeCheck = 1010;
				ORGANIZATIONNAME = jerry;
				TargetAttributes = {
					2C653B5221C7477300C21D77 = {
						CreatedOnToolsVersion = 10.1;
					};
				};
			};
			buildConfigurationList = 2C653B4E21C7477300C21D77 /* Build configuration list for PBXProject "SwiftLearn" */;
			compatibilityVersion = "Xcode 9.3";
			developmentRegion = en;
			hasScannedForEncodings = 0;
			knownRegions = (
				en,
				Base,
			);
			mainGroup = 2C653B4A21C7477300C21D77;
			productRefGroup = 2C653B5421C7477300C21D77 /* Products */;
			projectDirPath = "";
			projectRoot = "";
			targets = (
				2C653B5221C7477300C21D77 /* SwiftLearn */,
			);
		};
/* End PBXProject section */

/* Begin PBXResourcesBuildPhase section */
		2C653B5121C7477300C21D77 /* Resources */ = {
			isa = PBXResourcesBuildPhase;
			buildActionMask = 2147483647;
			files = (
				2C653B6121C7477400C21D77 /* LaunchScreen.storyboard in Resources */,
				2C653B5E21C7477400C21D77 /* Assets.xcassets in Resources */,
				2C40C8FE21D0C32A00217566 /* MineTableViewCell.xib in Resources */,
				2C653B5C21C7477300C21D77 /* Main.storyboard in Resources */,
				2C40C8FC21D0C32A00217566 /* TableViewSimpleController.xib in Resources */,
				2C40C90321D0CAD900217566 /* PropFunViewController.xib in Resources */,
				2C40C90721D0DBEF00217566 /* WeatherViewController.xib in Resources */,
			);
			runOnlyForDeploymentPostprocessing = 0;
		};
/* End PBXResourcesBuildPhase section */

/* Begin PBXShellScriptBuildPhase section */
		30ABE504E32EF29E11FA51FD /* [CP] Embed Pods Frameworks */ = {
			isa = PBXShellScriptBuildPhase;
			buildActionMask = 2147483647;
			files = (
			);
			inputPaths = (
				"${SRCROOT}/Pods/Target Support Files/Pods-SwiftLearn/Pods-SwiftLearn-frameworks.sh",
				"${BUILT_PRODUCTS_DIR}/Alamofire/Alamofire.framework",
				"${BUILT_PRODUCTS_DIR}/MBProgressHUD/MBProgressHUD.framework",
				"${BUILT_PRODUCTS_DIR}/SnapKit/SnapKit.framework",
				"${BUILT_PRODUCTS_DIR}/SwiftyJSON/SwiftyJSON.framework",
			);
			name = "[CP] Embed Pods Frameworks";
			outputPaths = (
				"${TARGET_BUILD_DIR}/${FRAMEWORKS_FOLDER_PATH}/Alamofire.framework",
				"${TARGET_BUILD_DIR}/${FRAMEWORKS_FOLDER_PATH}/MBProgressHUD.framework",
				"${TARGET_BUILD_DIR}/${FRAMEWORKS_FOLDER_PATH}/SnapKit.framework",
				"${TARGET_BUILD_DIR}/${FRAMEWORKS_FOLDER_PATH}/SwiftyJSON.framework",
			);
			runOnlyForDeploymentPostprocessing = 0;
			shellPath = /bin/sh;
			shellScript = "\"${SRCROOT}/Pods/Target Support Files/Pods-SwiftLearn/Pods-SwiftLearn-frameworks.sh\"\n";
			showEnvVarsInLog = 0;
		};
		A9653286DEA16C53247AF9E0 /* [CP] Check Pods Manifest.lock */ = {
			isa = PBXShellScriptBuildPhase;
			buildActionMask = 2147483647;
			files = (
			);
			inputPaths = (
				"${PODS_PODFILE_DIR_PATH}/Podfile.lock",
				"${PODS_ROOT}/Manifest.lock",
			);
			name = "[CP] Check Pods Manifest.lock";
			outputPaths = (
				"$(DERIVED_FILE_DIR)/Pods-SwiftLearn-checkManifestLockResult.txt",
			);
			runOnlyForDeploymentPostprocessing = 0;
			shellPath = /bin/sh;
			shellScript = "diff \"${PODS_PODFILE_DIR_PATH}/Podfile.lock\" \"${PODS_ROOT}/Manifest.lock\" > /dev/null\nif [ $? != 0 ] ; then\n    # print error to STDERR\n    echo \"error: The sandbox is not in sync with the Podfile.lock. Run 'pod install' or update your CocoaPods installation.\" >&2\n    exit 1\nfi\n# This output is used by Xcode 'outputs' to avoid re-running this script phase.\necho \"SUCCESS\" > \"${SCRIPT_OUTPUT_FILE_0}\"\n";
			showEnvVarsInLog = 0;
		};
/* End PBXShellScriptBuildPhase section */

/* Begin PBXSourcesBuildPhase section */
		2C653B4F21C7477300C21D77 /* Sources */ = {
			isa = PBXSourcesBuildPhase;
			buildActionMask = 2147483647;
			files = (
				2C40C8FB21D0C32A00217566 /* MineTableViewCell.swift in Sources */,
				2C40C90221D0CAD900217566 /* PropFunViewController.swift in Sources */,
				2C40C90F21D0FD0500217566 /* LocationService.swift in Sources */,
				2C653B5921C7477300C21D77 /* ViewController.swift in Sources */,
				2C653B5721C7477300C21D77 /* AppDelegate.swift in Sources */,
				2C40C90621D0DBEF00217566 /* WeatherViewController.swift in Sources */,
				2C40C8FD21D0C32A00217566 /* TableViewSimpleController.swift in Sources */,
				2C40C8FF21D0C32A00217566 /* VariableDefineFile.swift in Sources */,
			);
			runOnlyForDeploymentPostprocessing = 0;
		};
/* End PBXSourcesBuildPhase section */

/* Begin PBXVariantGroup section */
		2C653B5A21C7477300C21D77 /* Main.storyboard */ = {
			isa = PBXVariantGroup;
			children = (
				2C653B5B21C7477300C21D77 /* Base */,
			);
			name = Main.storyboard;
			sourceTree = "<group>";
		};
		2C653B5F21C7477400C21D77 /* LaunchScreen.storyboard */ = {
			isa = PBXVariantGroup;
			children = (
				2C653B6021C7477400C21D77 /* Base */,
			);
			name = LaunchScreen.storyboard;
			sourceTree = "<group>";
		};
/* End PBXVariantGroup section */

/* Begin XCBuildConfiguration section */
		2C653B7921C7477400C21D77 /* Debug */ = {
			isa = XCBuildConfiguration;
			buildSettings = {
				ALWAYS_SEARCH_USER_PATHS = NO;
				CLANG_ANALYZER_NONNULL = YES;
				CLANG_ANALYZER_NUMBER_OBJECT_CONVERSION = YES_AGGRESSIVE;
				CLANG_CXX_LANGUAGE_STANDARD = "gnu++14";
				CLANG_CXX_LIBRARY = "libc++";
				CLANG_ENABLE_MODULES = YES;
				CLANG_ENABLE_OBJC_ARC = YES;
				CLANG_ENABLE_OBJC_WEAK = YES;
				CLANG_WARN_BLOCK_CAPTURE_AUTORELEASING = YES;
				CLANG_WARN_BOOL_CONVERSION = YES;
				CLANG_WARN_COMMA = YES;
				CLANG_WARN_CONSTANT_CONVERSION = YES;
				CLANG_WARN_DEPRECATED_OBJC_IMPLEMENTATIONS = YES;
				CLANG_WARN_DIRECT_OBJC_ISA_USAGE = YES_ERROR;
				CLANG_WARN_DOCUMENTATION_COMMENTS = YES;
				CLANG_WARN_EMPTY_BODY = YES;
				CLANG_WARN_ENUM_CONVERSION = YES;
				CLANG_WARN_INFINITE_RECURSION = YES;
				CLANG_WARN_INT_CONVERSION = YES;
				CLANG_WARN_NON_LITERAL_NULL_CONVERSION = YES;
				CLANG_WARN_OBJC_IMPLICIT_RETAIN_SELF = YES;
				CLANG_WARN_OBJC_LITERAL_CONVERSION = YES;
				CLANG_WARN_OBJC_ROOT_CLASS = YES_ERROR;
				CLANG_WARN_RANGE_LOOP_ANALYSIS = YES;
				CLANG_WARN_STRICT_PROTOTYPES = YES;
				CLANG_WARN_SUSPICIOUS_MOVE = YES;
				CLANG_WARN_UNGUARDED_AVAILABILITY = YES_AGGRESSIVE;
				CLANG_WARN_UNREACHABLE_CODE = YES;
				CLANG_WARN__DUPLICATE_METHOD_MATCH = YES;
				CODE_SIGN_IDENTITY = "iPhone Developer";
				COPY_PHASE_STRIP = NO;
				DEBUG_INFORMATION_FORMAT = dwarf;
				ENABLE_STRICT_OBJC_MSGSEND = YES;
				ENABLE_TESTABILITY = YES;
				GCC_C_LANGUAGE_STANDARD = gnu11;
				GCC_DYNAMIC_NO_PIC = NO;
				GCC_NO_COMMON_BLOCKS = YES;
				GCC_OPTIMIZATION_LEVEL = 0;
				GCC_PREPROCESSOR_DEFINITIONS = (
					"DEBUG=1",
					"$(inherited)",
				);
				GCC_WARN_64_TO_32_BIT_CONVERSION = YES;
				GCC_WARN_ABOUT_RETURN_TYPE = YES_ERROR;
				GCC_WARN_UNDECLARED_SELECTOR = YES;
				GCC_WARN_UNINITIALIZED_AUTOS = YES_AGGRESSIVE;
				GCC_WARN_UNUSED_FUNCTION = YES;
				GCC_WARN_UNUSED_VARIABLE = YES;
				IPHONEOS_DEPLOYMENT_TARGET = 9.0;
				MTL_ENABLE_DEBUG_INFO = INCLUDE_SOURCE;
				MTL_FAST_MATH = YES;
				ONLY_ACTIVE_ARCH = YES;
				SDKROOT = iphoneos;
				SWIFT_ACTIVE_COMPILATION_CONDITIONS = DEBUG;
				SWIFT_OPTIMIZATION_LEVEL = "-Onone";
			};
			name = Debug;
		};
		2C653B7A21C7477400C21D77 /* Release */ = {
			isa = XCBuildConfiguration;
			buildSettings = {
				ALWAYS_SEARCH_USER_PATHS = NO;
				CLANG_ANALYZER_NONNULL = YES;
				CLANG_ANALYZER_NUMBER_OBJECT_CONVERSION = YES_AGGRESSIVE;
				CLANG_CXX_LANGUAGE_STANDARD = "gnu++14";
				CLANG_CXX_LIBRARY = "libc++";
				CLANG_ENABLE_MODULES = YES;
				CLANG_ENABLE_OBJC_ARC = YES;
				CLANG_ENABLE_OBJC_WEAK = YES;
				CLANG_WARN_BLOCK_CAPTURE_AUTORELEASING = YES;
				CLANG_WARN_BOOL_CONVERSION = YES;
				CLANG_WARN_COMMA = YES;
				CLANG_WARN_CONSTANT_CONVERSION = YES;
				CLANG_WARN_DEPRECATED_OBJC_IMPLEMENTATIONS = YES;
				CLANG_WARN_DIRECT_OBJC_ISA_USAGE = YES_ERROR;
				CLANG_WARN_DOCUMENTATION_COMMENTS = YES;
				CLANG_WARN_EMPTY_BODY = YES;
				CLANG_WARN_ENUM_CONVERSION = YES;
				CLANG_WARN_INFINITE_RECURSION = YES;
				CLANG_WARN_INT_CONVERSION = YES;
				CLANG_WARN_NON_LITERAL_NULL_CONVERSION = YES;
				CLANG_WARN_OBJC_IMPLICIT_RETAIN_SELF = YES;
				CLANG_WARN_OBJC_LITERAL_CONVERSION = YES;
				CLANG_WARN_OBJC_ROOT_CLASS = YES_ERROR;
				CLANG_WARN_RANGE_LOOP_ANALYSIS = YES;
				CLANG_WARN_STRICT_PROTOTYPES = YES;
				CLANG_WARN_SUSPICIOUS_MOVE = YES;
				CLANG_WARN_UNGUARDED_AVAILABILITY = YES_AGGRESSIVE;
				CLANG_WARN_UNREACHABLE_CODE = YES;
				CLANG_WARN__DUPLICATE_METHOD_MATCH = YES;
				CODE_SIGN_IDENTITY = "iPhone Developer";
				COPY_PHASE_STRIP = NO;
				DEBUG_INFORMATION_FORMAT = "dwarf-with-dsym";
				ENABLE_NS_ASSERTIONS = NO;
				ENABLE_STRICT_OBJC_MSGSEND = YES;
				GCC_C_LANGUAGE_STANDARD = gnu11;
				GCC_NO_COMMON_BLOCKS = YES;
				GCC_WARN_64_TO_32_BIT_CONVERSION = YES;
				GCC_WARN_ABOUT_RETURN_TYPE = YES_ERROR;
				GCC_WARN_UNDECLARED_SELECTOR = YES;
				GCC_WARN_UNINITIALIZED_AUTOS = YES_AGGRESSIVE;
				GCC_WARN_UNUSED_FUNCTION = YES;
				GCC_WARN_UNUSED_VARIABLE = YES;
				IPHONEOS_DEPLOYMENT_TARGET = 9.0;
				MTL_ENABLE_DEBUG_INFO = NO;
				MTL_FAST_MATH = YES;
				SDKROOT = iphoneos;
				SWIFT_COMPILATION_MODE = wholemodule;
				SWIFT_OPTIMIZATION_LEVEL = "-O";
				VALIDATE_PRODUCT = YES;
			};
			name = Release;
		};
		2C653B7C21C7477400C21D77 /* Debug */ = {
			isa = XCBuildConfiguration;
			baseConfigurationReference = E212EA502E29CD0C6D908891 /* Pods-SwiftLearn.debug.xcconfig */;
			buildSettings = {
				ASSETCATALOG_COMPILER_APPICON_NAME = AppIcon;
				CODE_SIGN_STYLE = Automatic;
				DEVELOPMENT_TEAM = T49UW759F4;
				INFOPLIST_FILE = SwiftLearn/Info.plist;
				LD_RUNPATH_SEARCH_PATHS = (
					"$(inherited)",
					"@executable_path/Frameworks",
				);
				PRODUCT_BUNDLE_IDENTIFIER = com.jerry.SwiftLearn;
				PRODUCT_NAME = "$(TARGET_NAME)";
				SWIFT_VERSION = 4.2;
				TARGETED_DEVICE_FAMILY = "1,2";
			};
			name = Debug;
		};
		2C653B7D21C7477400C21D77 /* Release */ = {
			isa = XCBuildConfiguration;
			baseConfigurationReference = 5917D6EFBDDC6F4457703F35 /* Pods-SwiftLearn.release.xcconfig */;
			buildSettings = {
				ASSETCATALOG_COMPILER_APPICON_NAME = AppIcon;
				CODE_SIGN_STYLE = Automatic;
				DEVELOPMENT_TEAM = T49UW759F4;
				INFOPLIST_FILE = SwiftLearn/Info.plist;
				LD_RUNPATH_SEARCH_PATHS = (
					"$(inherited)",
					"@executable_path/Frameworks",
				);
				PRODUCT_BUNDLE_IDENTIFIER = com.jerry.SwiftLearn;
				PRODUCT_NAME = "$(TARGET_NAME)";
				SWIFT_VERSION = 4.2;
				TARGETED_DEVICE_FAMILY = "1,2";
			};
			name = Release;
		};
/* End XCBuildConfiguration section */

/* Begin XCConfigurationList section */
		2C653B4E21C7477300C21D77 /* Build configuration list for PBXProject "SwiftLearn" */ = {
			isa = XCConfigurationList;
			buildConfigurations = (
				2C653B7921C7477400C21D77 /* Debug */,
				2C653B7A21C7477400C21D77 /* Release */,
			);
			defaultConfigurationIsVisible = 0;
			defaultConfigurationName = Release;
		};
		2C653B7B21C7477400C21D77 /* Build configuration list for PBXNativeTarget "SwiftLearn" */ = {
			isa = XCConfigurationList;
			buildConfigurations = (
				2C653B7C21C7477400C21D77 /* Debug */,
				2C653B7D21C7477400C21D77 /* Release */,
			);
			defaultConfigurationIsVisible = 0;
			defaultConfigurationName = Release;
		};
/* End XCConfigurationList section */
	};
	rootObject = 2C653B4B21C7477300C21D77 /* Project object */;
}
